
Microsoft Visual Studio Solution File, Format Version 12.00
# Visual Studio 15
VisualStudioVersion = 15.0.27703.2047
MinimumVisualStudioVersion = 10.0.40219.1
Project("{FAE04EC0-301F-11D3-BF4B-00C04F79EFBC}") = "ExceptionHandling", "ExceptionHandling\ExceptionHandling.csproj", "{6B590CFE-296C-454D-80B6-308C9A29CF83}"
EndProject
Global
	GlobalSection(SolutionConfigurationPlatforms) = preSolution
		Debug|Any CPU = Debug|Any CPU
		Release|Any CPU = Release|Any CPU
	EndGlobalSection
	GlobalSection(ProjectConfigurationPlatforms) = postSolution
		{6B590CFE-296C-454D-80B6-308C9A29CF83}.Debug|Any CPU.ActiveCfg = Debug|Any CPU
		{6B590CFE-296C-454D-80B6-308C9A29CF83}.Debug|Any CPU.Build.0 = Debug|Any CPU
		{6B590CFE-296C-454D-80B6-308C9A29CF83}.Release|Any CPU.ActiveCfg = Release|Any CPU
		{6B590CFE-296C-454D-80B6-308C9A29CF83}.Release|Any CPU.Build.0 = Release|Any CPU
	EndGlobalSection
	GlobalSection(SolutionProperties) = preSolution
		HideSolutionNode = FALSE
	EndGlobalSection
	GlobalSection(ExtensibilityGlobals) = postSolution
		SolutionGuid = {0BB3E746-97B8-4C0D-BEC8-79D9B424A37E}
	EndGlobalSection
EndGlobal
